
Microsoft Visual Studio Solution File, Format Version 12.00
# Visual Studio Version 16
VisualStudioVersion = 16.0.29920.165
MinimumVisualStudioVersion = 10.0.40219.1
Project("{F184B08F-C81C-45F6-A57F-5ABD9991F28F}") = "AgtFinalÖdevi", "AgtFinalÖdevi.vbproj", "{32DCC758-2DEF-44FB-8C2F-585A42CB19CA}"
EndProject
Global
	GlobalSection(SolutionConfigurationPlatforms) = preSolution
		Debug|Any CPU = Debug|Any CPU
		Release|Any CPU = Release|Any CPU
	EndGlobalSection
	GlobalSection(ProjectConfigurationPlatforms) = postSolution
		{32DCC758-2DEF-44FB-8C2F-585A42CB19CA}.Debug|Any CPU.ActiveCfg = Debug|Any CPU
		{32DCC758-2DEF-44FB-8C2F-585A42CB19CA}.Debug|Any CPU.Build.0 = Debug|Any CPU
		{32DCC758-2DEF-44FB-8C2F-585A42CB19CA}.Release|Any CPU.ActiveCfg = Release|Any CPU
		{32DCC758-2DEF-44FB-8C2F-585A42CB19CA}.Release|Any CPU.Build.0 = Release|Any CPU
	EndGlobalSection
	GlobalSection(SolutionProperties) = preSolution
		HideSolutionNode = FALSE
	EndGlobalSection
	GlobalSection(ExtensibilityGlobals) = postSolution
		SolutionGuid = {871C8DD3-4CF7-4517-99DB-87CA886E5E32}
	EndGlobalSection
EndGlobal
